
Microsoft Visual Studio Solution File, Format Version 12.00
# Visual Studio 15
VisualStudioVersion = 15.0.27703.2042
MinimumVisualStudioVersion = 10.0.40219.1
Project("{FAE04EC0-301F-11D3-BF4B-00C04F79EFBC}") = "Test_LINQ_2_tablas", "Test_LINQ_2_tablas\Test_LINQ_2_tablas.csproj", "{C64FE376-974D-4466-8928-AAE6045FACE9}"
EndProject
Global
	GlobalSection(SolutionConfigurationPlatforms) = preSolution
		Debug|Any CPU = Debug|Any CPU
		Release|Any CPU = Release|Any CPU
	EndGlobalSection
	GlobalSection(ProjectConfigurationPlatforms) = postSolution
		{C64FE376-974D-4466-8928-AAE6045FACE9}.Debug|Any CPU.ActiveCfg = Debug|Any CPU
		{C64FE376-974D-4466-8928-AAE6045FACE9}.Debug|Any CPU.Build.0 = Debug|Any CPU
		{C64FE376-974D-4466-8928-AAE6045FACE9}.Release|Any CPU.ActiveCfg = Release|Any CPU
		{C64FE376-974D-4466-8928-AAE6045FACE9}.Release|Any CPU.Build.0 = Release|Any CPU
	EndGlobalSection
	GlobalSection(SolutionProperties) = preSolution
		HideSolutionNode = FALSE
	EndGlobalSection
	GlobalSection(ExtensibilityGlobals) = postSolution
		SolutionGuid = {4BB9FEBD-57E6-4064-BC45-AA50F238D176}
	EndGlobalSection
EndGlobal
